<Solution>
  <Project Path="Contracts/Contracts.csproj" />
  <Project Path="Database/Database.csproj" />
  <Project Path="Shared/Shared.csproj" />
  <Project Path="Train.Domain/Train.Domain.csproj" />
  <Project Path="Training.Api/Training.Api.csproj" />
  <Project Path="Training.Blazor/Training.Blazor.csproj" />
  <Project Path="WebApp\WebApp.csproj" Type="Classic C#" />
</Solution>